<?xml version="1.0" encoding="utf-8"?>
<Project ToolsVersion="4.0" xmlns="http://schemas.microsoft.com/developer/msbuild/2003">
  <ItemGroup>
    <Filter Include="源文件">
      <UniqueIdentifier>{4FC737F1-C7A5-4376-A066-2A32D752A2FF}</UniqueIdentifier>
      <Extensions>cpp;c;cc;cxx;c++;cppm;ixx;def;odl;idl;hpj;bat;asm;asmx</Extensions>
    </Filter>
    <Filter Include="头文件">
      <UniqueIdentifier>{93995380-89BD-4b04-88EB-625FBE52EBFB}</UniqueIdentifier>
      <Extensions>h;hh;hpp;hxx;h++;hm;inl;inc;ipp;xsd</Extensions>
    </Filter>
    <Filter Include="资源文件">
      <UniqueIdentifier>{67DA6AB6-F800-4c08-8B7A-83BB121AAD01}</UniqueIdentifier>
      <Extensions>rc;ico;cur;bmp;dlg;rc2;rct;bin;rgs;gif;jpg;jpeg;jpe;resx;tiff;tif;png;wav;mfcribbon-ms</Extensions>
    </Filter>
    <Filter Include="生成的文件">
      <UniqueIdentifier>{041f24d0-056d-4806-a0f4-9f3a2e004a4e}</UniqueIdentifier>
      <SourceControlFiles>False</SourceControlFiles>
    </Filter>
    <Filter Include="Module:NewFolderExt">
      <UniqueIdentifier>{22b3dfd5-fee8-46b6-8f31-2f2e6a92de57}</UniqueIdentifier>
    </Filter>
    <Filter Include="Module:BreakFolderExt">
      <UniqueIdentifier>{30f42beb-928d-44f1-80cc-6faa191346f5}</UniqueIdentifier>
    </Filter>
    <Filter Include="Module:PasteXFile">
      <UniqueIdentifier>{08688e5e-7160-4e43-8b82-b2f884964060}</UniqueIdentifier>
    </Filter>
    <Filter Include="Thumbnail:ofd">
      <UniqueIdentifier>{6cecd3dc-0c4e-4ad3-80f1-b891d554d0ea}</UniqueIdentifier>
    </Filter>
    <Filter Include="Thumbnail:xci">
      <UniqueIdentifier>{2288ab1e-d33c-46b8-ae92-edd224816692}</UniqueIdentifier>
    </Filter>
    <Filter Include="Thumbnail:epub">
      <UniqueIdentifier>{ab7b7e61-4ea5-463b-86dd-ffb04eb7d326}</UniqueIdentifier>
    </Filter>
  </ItemGroup>
  <ItemGroup>
    <ClInclude Include="framework.h">
      <Filter>头文件</Filter>
    </ClInclude>
    <ClInclude Include="targetver.h">
      <Filter>头文件</Filter>
    </ClInclude>
    <ClInclude Include="Resource.h">
      <Filter>头文件</Filter>
    </ClInclude>
    <ClInclude Include="dllmain.h">
      <Filter>头文件</Filter>
    </ClInclude>
    <ClInclude Include="ExplorerEnhancement_i.h">
      <Filter>生成的文件</Filter>
    </ClInclude>
    <ClInclude Include="pch.h">
      <Filter>头文件</Filter>
    </ClInclude>
    <ClInclude Include="NewFolderExt.h">
      <Filter>Module:NewFolderExt</Filter>
    </ClInclude>
    <ClInclude Include="common.h">
      <Filter>头文件</Filter>
    </ClInclude>
    <ClInclude Include="BreakFolderExt.h">
      <Filter>Module:BreakFolderExt</Filter>
    </ClInclude>
  </ItemGroup>
  <ItemGroup>
    <ClCompile Include="ExplorerEnhancement.cpp">
      <Filter>源文件</Filter>
    </ClCompile>
    <ClCompile Include="dllmain.cpp">
      <Filter>源文件</Filter>
    </ClCompile>
    <ClCompile Include="ExplorerEnhancement_i.c">
      <Filter>生成的文件</Filter>
    </ClCompile>
    <ClCompile Include="pch.cpp">
      <Filter>源文件</Filter>
    </ClCompile>
    <ClCompile Include="NewFolderExt.cpp">
      <Filter>Module:NewFolderExt</Filter>
    </ClCompile>
    <ClCompile Include="common.cpp">
      <Filter>源文件</Filter>
    </ClCompile>
    <ClCompile Include="BreakFolderExt.cpp">
      <Filter>Module:BreakFolderExt</Filter>
    </ClCompile>
  </ItemGroup>
  <ItemGroup>
    <ResourceCompile Include="ExplorerEnhancement.rc">
      <Filter>资源文件</Filter>
    </ResourceCompile>
  </ItemGroup>
  <ItemGroup>
    <None Include="ExplorerEnhancement.rgs">
      <Filter>资源文件</Filter>
    </None>
    <None Include="ExplorerEnhancement.def">
      <Filter>源文件</Filter>
    </None>
    <None Include="NewFolderExt.rgs">
      <Filter>Module:NewFolderExt</Filter>
    </None>
    <None Include="packages.config" />
    <None Include="BreakFolderExt.rgs">
      <Filter>Module:BreakFolderExt</Filter>
    </None>
  </ItemGroup>
  <ItemGroup>
    <Midl Include="ExplorerEnhancement.idl">
      <Filter>源文件</Filter>
    </Midl>
  </ItemGroup>
  <ItemGroup>
    <Natvis Include="$(MSBuildThisFileDirectory)..\..\natvis\wil.natvis" />
  </ItemGroup>
  <ItemGroup>
    <PackageLayout Include="AppxManifest.xml" />
  </ItemGroup>
</Project>