
Microsoft Visual Studio Solution File, Format Version 12.00
# Visual Studio Version 17
VisualStudioVersion = 17.0.31903.59
MinimumVisualStudioVersion = 10.0.40219.1
Project("{8BC9CEB8-8B4A-11D0-8D11-00A0C91BC942}") = "ExplorerEnhancement", "ExplorerEnhancement\ExplorerEnhancement.vcxproj", "{040359DD-8646-46DB-9F86-D04B6A80705E}"
EndProject
Project("{9A19103F-16F7-4668-BE54-9A1E7A4F7556}") = "Settings", "Settings\Settings.csproj", "{173A9866-E41F-42F9-941B-1742DAE94381}"
	ProjectSection(ProjectDependencies) = postProject
		{040359DD-8646-46DB-9F86-D04B6A80705E} = {040359DD-8646-46DB-9F86-D04B6A80705E}
	EndProjectSection
EndProject
Global
	GlobalSection(SolutionConfigurationPlatforms) = preSolution
		Debug|Any CPU = Debug|Any CPU
		Debug|ARM = Debug|ARM
		Debug|ARM64 = Debug|ARM64
		Debug|x64 = Debug|x64
		Debug|x86 = Debug|x86
		Release|Any CPU = Release|Any CPU
		Release|ARM = Release|ARM
		Release|ARM64 = Release|ARM64
		Release|x64 = Release|x64
		Release|x86 = Release|x86
	EndGlobalSection
	GlobalSection(ProjectConfigurationPlatforms) = postSolution
		{040359DD-8646-46DB-9F86-D04B6A80705E}.Debug|Any CPU.ActiveCfg = Debug|x64
		{040359DD-8646-46DB-9F86-D04B6A80705E}.Debug|Any CPU.Build.0 = Debug|x64
		{040359DD-8646-46DB-9F86-D04B6A80705E}.Debug|ARM.ActiveCfg = Debug|x64
		{040359DD-8646-46DB-9F86-D04B6A80705E}.Debug|ARM.Build.0 = Debug|x64
		{040359DD-8646-46DB-9F86-D04B6A80705E}.Debug|ARM64.ActiveCfg = Debug|x64
		{040359DD-8646-46DB-9F86-D04B6A80705E}.Debug|ARM64.Build.0 = Debug|x64
		{040359DD-8646-46DB-9F86-D04B6A80705E}.Debug|x64.ActiveCfg = Debug|x64
		{040359DD-8646-46DB-9F86-D04B6A80705E}.Debug|x64.Build.0 = Debug|x64
		{040359DD-8646-46DB-9F86-D04B6A80705E}.Debug|x86.ActiveCfg = Debug|Win32
		{040359DD-8646-46DB-9F86-D04B6A80705E}.Debug|x86.Build.0 = Debug|Win32
		{040359DD-8646-46DB-9F86-D04B6A80705E}.Release|Any CPU.ActiveCfg = Release|x64
		{040359DD-8646-46DB-9F86-D04B6A80705E}.Release|Any CPU.Build.0 = Release|x64
		{040359DD-8646-46DB-9F86-D04B6A80705E}.Release|ARM.ActiveCfg = Release|x64
		{040359DD-8646-46DB-9F86-D04B6A80705E}.Release|ARM.Build.0 = Release|x64
		{040359DD-8646-46DB-9F86-D04B6A80705E}.Release|ARM64.ActiveCfg = Release|x64
		{040359DD-8646-46DB-9F86-D04B6A80705E}.Release|ARM64.Build.0 = Release|x64
		{040359DD-8646-46DB-9F86-D04B6A80705E}.Release|x64.ActiveCfg = Release|x64
		{040359DD-8646-46DB-9F86-D04B6A80705E}.Release|x64.Build.0 = Release|x64
		{040359DD-8646-46DB-9F86-D04B6A80705E}.Release|x86.ActiveCfg = Release|Win32
		{040359DD-8646-46DB-9F86-D04B6A80705E}.Release|x86.Build.0 = Release|Win32
		{173A9866-E41F-42F9-941B-1742DAE94381}.Debug|Any CPU.ActiveCfg = Debug|Any CPU
		{173A9866-E41F-42F9-941B-1742DAE94381}.Debug|Any CPU.Build.0 = Debug|Any CPU
		{173A9866-E41F-42F9-941B-1742DAE94381}.Debug|ARM.ActiveCfg = Debug|Any CPU
		{173A9866-E41F-42F9-941B-1742DAE94381}.Debug|ARM.Build.0 = Debug|Any CPU
		{173A9866-E41F-42F9-941B-1742DAE94381}.Debug|ARM64.ActiveCfg = Debug|Any CPU
		{173A9866-E41F-42F9-941B-1742DAE94381}.Debug|ARM64.Build.0 = Debug|Any CPU
		{173A9866-E41F-42F9-941B-1742DAE94381}.Debug|x64.ActiveCfg = Debug|Any CPU
		{173A9866-E41F-42F9-941B-1742DAE94381}.Debug|x64.Build.0 = Debug|Any CPU
		{173A9866-E41F-42F9-941B-1742DAE94381}.Debug|x86.ActiveCfg = Debug|Any CPU
		{173A9866-E41F-42F9-941B-1742DAE94381}.Debug|x86.Build.0 = Debug|Any CPU
		{173A9866-E41F-42F9-941B-1742DAE94381}.Release|Any CPU.ActiveCfg = Release|Any CPU
		{173A9866-E41F-42F9-941B-1742DAE94381}.Release|Any CPU.Build.0 = Release|Any CPU
		{173A9866-E41F-42F9-941B-1742DAE94381}.Release|ARM.ActiveCfg = Release|Any CPU
		{173A9866-E41F-42F9-941B-1742DAE94381}.Release|ARM.Build.0 = Release|Any CPU
		{173A9866-E41F-42F9-941B-1742DAE94381}.Release|ARM64.ActiveCfg = Release|Any CPU
		{173A9866-E41F-42F9-941B-1742DAE94381}.Release|ARM64.Build.0 = Release|Any CPU
		{173A9866-E41F-42F9-941B-1742DAE94381}.Release|x64.ActiveCfg = Release|Any CPU
		{173A9866-E41F-42F9-941B-1742DAE94381}.Release|x64.Build.0 = Release|Any CPU
		{173A9866-E41F-42F9-941B-1742DAE94381}.Release|x86.ActiveCfg = Release|Any CPU
		{173A9866-E41F-42F9-941B-1742DAE94381}.Release|x86.Build.0 = Release|Any CPU
	EndGlobalSection
	GlobalSection(SolutionProperties) = preSolution
		HideSolutionNode = FALSE
	EndGlobalSection
	GlobalSection(ExtensibilityGlobals) = postSolution
		SolutionGuid = {1DCB3F52-0D43-4653-A933-6A9A6F86719B}
	EndGlobalSection
EndGlobal
